// !$*UTF8*$!
{
	archiveVersion = 1;
	classes = {
	};
	objectVersion = 50;
	objects = {

/* Begin PBXBuildFile section */
		9106B1F906CFCE73503ABAC9 /* libPods-LYWeChatMaker.a in Frameworks */ = {isa = PBXBuildFile; fileRef = 795A8BB7EFDD857CB82F5581 /* libPods-LYWeChatMaker.a */; };
		CF5EE53C21ABDAE400A5DF78 /* LYTWatermarkViewController.m in Sources */ = {isa = PBXBuildFile; fileRef = CF5EE53B21ABDAE400A5DF78 /* LYTWatermarkViewController.m */; };
		CF6C42E721AE336B002287F9 /* AppDelegate.m in Sources */ = {isa = PBXBuildFile; fileRef = CF6C42E521AE336B002287F9 /* AppDelegate.m */; };
		CF6C42EA21AE33BA002287F9 /* AppDelegate+UMSocial.m in Sources */ = {isa = PBXBuildFile; fileRef = CF6C42E921AE33BA002287F9 /* AppDelegate+UMSocial.m */; };
		CF6C42EC21AE3522002287F9 /* CoreTelephony.framework in Frameworks */ = {isa = PBXBuildFile; fileRef = CF6C42EB21AE3522002287F9 /* CoreTelephony.framework */; };
		CF6C42EE21AE3536002287F9 /* libz.tbd in Frameworks */ = {isa = PBXBuildFile; fileRef = CF6C42ED21AE3536002287F9 /* libz.tbd */; };
		CF6C42F021AE353F002287F9 /* libsqlite3.tbd in Frameworks */ = {isa = PBXBuildFile; fileRef = CF6C42EF21AE353F002287F9 /* libsqlite3.tbd */; };
		CF6C42F221AE354B002287F9 /* SystemConfiguration.framework in Frameworks */ = {isa = PBXBuildFile; fileRef = CF6C42F121AE354B002287F9 /* SystemConfiguration.framework */; };
		CF6C42F621AE36C8002287F9 /* LYConst.m in Sources */ = {isa = PBXBuildFile; fileRef = CF6C42F521AE36C8002287F9 /* LYConst.m */; };
		CF6C42F921AE36D9002287F9 /* LYURLConst.m in Sources */ = {isa = PBXBuildFile; fileRef = CF6C42F821AE36D9002287F9 /* LYURLConst.m */; };
		CF6C42FC21AE36EC002287F9 /* LYServerConfig.m in Sources */ = {isa = PBXBuildFile; fileRef = CF6C42FB21AE36EC002287F9 /* LYServerConfig.m */; };
		CF6C430021AE433F002287F9 /* UIViewController+LYUMTrack.m in Sources */ = {isa = PBXBuildFile; fileRef = CF6C42FF21AE433F002287F9 /* UIViewController+LYUMTrack.m */; };
		CF6C430421AE4677002287F9 /* UIControl+LYUMTrack.m in Sources */ = {isa = PBXBuildFile; fileRef = CF6C430321AE4677002287F9 /* UIControl+LYUMTrack.m */; };
		CF6C430721AE4752002287F9 /* UserNotifications.framework in Frameworks */ = {isa = PBXBuildFile; fileRef = CF6C430621AE4752002287F9 /* UserNotifications.framework */; };
		CF6C430A21AE66C8002287F9 /* LYAdvertisementAlertView.m in Sources */ = {isa = PBXBuildFile; fileRef = CF6C430921AE66C8002287F9 /* LYAdvertisementAlertView.m */; };
		CF6C430D21AE69D6002287F9 /* LYResources.bundle in Resources */ = {isa = PBXBuildFile; fileRef = CF6C430C21AE69D6002287F9 /* LYResources.bundle */; };
		CF6C431121AE6AD4002287F9 /* LYTabBarControllerConfig.m in Sources */ = {isa = PBXBuildFile; fileRef = CF6C430F21AE6AD3002287F9 /* LYTabBarControllerConfig.m */; };
		CF6C431421AE6C5A002287F9 /* LYBaseNavigationController.m in Sources */ = {isa = PBXBuildFile; fileRef = CF6C431321AE6C5A002287F9 /* LYBaseNavigationController.m */; };
		CF6C431721AE73BF002287F9 /* UIImage+Extention.m in Sources */ = {isa = PBXBuildFile; fileRef = CF6C431621AE73BF002287F9 /* UIImage+Extention.m */; };
		CF6C431A21AE7703002287F9 /* LYWKWebViewController.m in Sources */ = {isa = PBXBuildFile; fileRef = CF6C431921AE7703002287F9 /* LYWKWebViewController.m */; };
		CF6C431D21AE78B2002287F9 /* UIColor+MTColorTool.m in Sources */ = {isa = PBXBuildFile; fileRef = CF6C431B21AE78B2002287F9 /* UIColor+MTColorTool.m */; };
		CF6C432321AE7B57002287F9 /* LYAppTool.m in Sources */ = {isa = PBXBuildFile; fileRef = CF6C432221AE7B57002287F9 /* LYAppTool.m */; };
		CF6C432621AE80AB002287F9 /* LYTWatermarkImageView.m in Sources */ = {isa = PBXBuildFile; fileRef = CF6C432521AE80AB002287F9 /* LYTWatermarkImageView.m */; };
		CF6C432D21AFC559002287F9 /* LYHomePageViewController.m in Sources */ = {isa = PBXBuildFile; fileRef = CF6C432C21AFC559002287F9 /* LYHomePageViewController.m */; };
		CF6C433021AFD0DC002287F9 /* LYTWatermarkBottomToolBar.m in Sources */ = {isa = PBXBuildFile; fileRef = CF6C432F21AFD0DB002287F9 /* LYTWatermarkBottomToolBar.m */; };
		CF706EFA21AFE2E400442D67 /* LYWatermarkColorsListView.m in Sources */ = {isa = PBXBuildFile; fileRef = CF706EF921AFE2E400442D67 /* LYWatermarkColorsListView.m */; };
		CF706F0021B1077B00442D67 /* LYWatermarkInputView.m in Sources */ = {isa = PBXBuildFile; fileRef = CF706EFF21B1077B00442D67 /* LYWatermarkInputView.m */; };
		CF706F0321B26E2100442D67 /* LYWatermarkEditTextView.m in Sources */ = {isa = PBXBuildFile; fileRef = CF706F0221B26E2100442D67 /* LYWatermarkEditTextView.m */; };
		CF706F0621B2B02B00442D67 /* LYDrawRectangleView.m in Sources */ = {isa = PBXBuildFile; fileRef = CF706F0521B2B02B00442D67 /* LYDrawRectangleView.m */; };
		CF706F0921B382B900442D67 /* LYWatermarkBottomBtnsView.m in Sources */ = {isa = PBXBuildFile; fileRef = CF706F0821B382B900442D67 /* LYWatermarkBottomBtnsView.m */; };
		CF706F0E21B52A2A00442D67 /* LYWatermarkStyleListView.m in Sources */ = {isa = PBXBuildFile; fileRef = CF706F0D21B52A2A00442D67 /* LYWatermarkStyleListView.m */; };
		CF706F1121B6169C00442D67 /* LYWatermarkInputConfig.m in Sources */ = {isa = PBXBuildFile; fileRef = CF706F1021B6169C00442D67 /* LYWatermarkInputConfig.m */; };
		CF706F1421B6237B00442D67 /* LYWatermarkInputLabel.m in Sources */ = {isa = PBXBuildFile; fileRef = CF706F1321B6237B00442D67 /* LYWatermarkInputLabel.m */; };
		CF706F1721B669D400442D67 /* MBProgressHUD+LYHUD.m in Sources */ = {isa = PBXBuildFile; fileRef = CF706F1621B669D400442D67 /* MBProgressHUD+LYHUD.m */; };
		CFDB56642125173200501905 /* Assets.xcassets in Resources */ = {isa = PBXBuildFile; fileRef = CFDB56632125173200501905 /* Assets.xcassets */; };
		CFDB566A2125173200501905 /* main.m in Sources */ = {isa = PBXBuildFile; fileRef = CFDB56692125173200501905 /* main.m */; };
		CFDB56742125173200501905 /* LYWeChatMakerTests.m in Sources */ = {isa = PBXBuildFile; fileRef = CFDB56732125173200501905 /* LYWeChatMakerTests.m */; };
		CFDB567F2125173200501905 /* LYWeChatMakerUITests.m in Sources */ = {isa = PBXBuildFile; fileRef = CFDB567E2125173200501905 /* LYWeChatMakerUITests.m */; };
		CFDB56AA2125212D00501905 /* LYBaseViewController.m in Sources */ = {isa = PBXBuildFile; fileRef = CFDB56A82125212D00501905 /* LYBaseViewController.m */; };
		CFDB56AD212521A300501905 /* LYTabbarViewController.m in Sources */ = {isa = PBXBuildFile; fileRef = CFDB56AC212521A300501905 /* LYTabbarViewController.m */; };
		CFDB56B0212521BA00501905 /* LYBaseModel.m in Sources */ = {isa = PBXBuildFile; fileRef = CFDB56AF212521BA00501905 /* LYBaseModel.m */; };
		CFDB56B32125251700501905 /* LYTimeLineViewController.m in Sources */ = {isa = PBXBuildFile; fileRef = CFDB56B22125251700501905 /* LYTimeLineViewController.m */; };
/* End PBXBuildFile section */

/* Begin PBXContainerItemProxy section */
		CFDB56702125173200501905 /* PBXContainerItemProxy */ = {
			isa = PBXContainerItemProxy;
			containerPortal = CFDB564F2125172E00501905 /* Project object */;
			proxyType = 1;
			remoteGlobalIDString = CFDB56562125172E00501905;
			remoteInfo = LYWeChatMaker;
		};
		CFDB567B2125173200501905 /* PBXContainerItemProxy */ = {
			isa = PBXContainerItemProxy;
			containerPortal = CFDB564F2125172E00501905 /* Project object */;
			proxyType = 1;
			remoteGlobalIDString = CFDB56562125172E00501905;
			remoteInfo = LYWeChatMaker;
		};
/* End PBXContainerItemProxy section */

/* Begin PBXFileReference section */
		171A6CC3354DE77F478B5022 /* Pods-LYWeChatMaker.debug.xcconfig */ = {isa = PBXFileReference; includeInIndex = 1; lastKnownFileType = text.xcconfig; name = "Pods-LYWeChatMaker.debug.xcconfig"; path = "Pods/Target Support Files/Pods-LYWeChatMaker/Pods-LYWeChatMaker.debug.xcconfig"; sourceTree = "<group>"; };
		795A8BB7EFDD857CB82F5581 /* libPods-LYWeChatMaker.a */ = {isa = PBXFileReference; explicitFileType = archive.ar; includeInIndex = 0; path = "libPods-LYWeChatMaker.a"; sourceTree = BUILT_PRODUCTS_DIR; };
		8899E431ED47C36AEE1729E3 /* Pods-LYWeChatMaker.release.xcconfig */ = {isa = PBXFileReference; includeInIndex = 1; lastKnownFileType = text.xcconfig; name = "Pods-LYWeChatMaker.release.xcconfig"; path = "Pods/Target Support Files/Pods-LYWeChatMaker/Pods-LYWeChatMaker.release.xcconfig"; sourceTree = "<group>"; };
		CF5EE53A21ABDAE400A5DF78 /* LYTWatermarkViewController.h */ = {isa = PBXFileReference; lastKnownFileType = sourcecode.c.h; path = LYTWatermarkViewController.h; sourceTree = "<group>"; };
		CF5EE53B21ABDAE400A5DF78 /* LYTWatermarkViewController.m */ = {isa = PBXFileReference; lastKnownFileType = sourcecode.c.objc; path = LYTWatermarkViewController.m; sourceTree = "<group>"; };
		CF6C42E521AE336B002287F9 /* AppDelegate.m */ = {isa = PBXFileReference; fileEncoding = 4; lastKnownFileType = sourcecode.c.objc; path = AppDelegate.m; sourceTree = "<group>"; };
		CF6C42E621AE336B002287F9 /* AppDelegate.h */ = {isa = PBXFileReference; fileEncoding = 4; lastKnownFileType = sourcecode.c.h; path = AppDelegate.h; sourceTree = "<group>"; };
		CF6C42E821AE33BA002287F9 /* AppDelegate+UMSocial.h */ = {isa = PBXFileReference; lastKnownFileType = sourcecode.c.h; path = "AppDelegate+UMSocial.h"; sourceTree = "<group>"; };
		CF6C42E921AE33BA002287F9 /* AppDelegate+UMSocial.m */ = {isa = PBXFileReference; lastKnownFileType = sourcecode.c.objc; path = "AppDelegate+UMSocial.m"; sourceTree = "<group>"; };
		CF6C42EB21AE3522002287F9 /* CoreTelephony.framework */ = {isa = PBXFileReference; lastKnownFileType = wrapper.framework; name = CoreTelephony.framework; path = System/Library/Frameworks/CoreTelephony.framework; sourceTree = SDKROOT; };
		CF6C42ED21AE3536002287F9 /* libz.tbd */ = {isa = PBXFileReference; lastKnownFileType = "sourcecode.text-based-dylib-definition"; name = libz.tbd; path = usr/lib/libz.tbd; sourceTree = SDKROOT; };
		CF6C42EF21AE353F002287F9 /* libsqlite3.tbd */ = {isa = PBXFileReference; lastKnownFileType = "sourcecode.text-based-dylib-definition"; name = libsqlite3.tbd; path = usr/lib/libsqlite3.tbd; sourceTree = SDKROOT; };
		CF6C42F121AE354B002287F9 /* SystemConfiguration.framework */ = {isa = PBXFileReference; lastKnownFileType = wrapper.framework; name = SystemConfiguration.framework; path = System/Library/Frameworks/SystemConfiguration.framework; sourceTree = SDKROOT; };
		CF6C42F421AE36C8002287F9 /* LYConst.h */ = {isa = PBXFileReference; lastKnownFileType = sourcecode.c.h; path = LYConst.h; sourceTree = "<group>"; };
		CF6C42F521AE36C8002287F9 /* LYConst.m */ = {isa = PBXFileReference; lastKnownFileType = sourcecode.c.objc; path = LYConst.m; sourceTree = "<group>"; };
		CF6C42F721AE36D9002287F9 /* LYURLConst.h */ = {isa = PBXFileReference; lastKnownFileType = sourcecode.c.h; path = LYURLConst.h; sourceTree = "<group>"; };
		CF6C42F821AE36D9002287F9 /* LYURLConst.m */ = {isa = PBXFileReference; lastKnownFileType = sourcecode.c.objc; path = LYURLConst.m; sourceTree = "<group>"; };
		CF6C42FA21AE36EC002287F9 /* LYServerConfig.h */ = {isa = PBXFileReference; lastKnownFileType = sourcecode.c.h; path = LYServerConfig.h; sourceTree = "<group>"; };
		CF6C42FB21AE36EC002287F9 /* LYServerConfig.m */ = {isa = PBXFileReference; lastKnownFileType = sourcecode.c.objc; path = LYServerConfig.m; sourceTree = "<group>"; };
		CF6C42FE21AE433F002287F9 /* UIViewController+LYUMTrack.h */ = {isa = PBXFileReference; lastKnownFileType = sourcecode.c.h; path = "UIViewController+LYUMTrack.h"; sourceTree = "<group>"; };
		CF6C42FF21AE433F002287F9 /* UIViewController+LYUMTrack.m */ = {isa = PBXFileReference; lastKnownFileType = sourcecode.c.objc; path = "UIViewController+LYUMTrack.m"; sourceTree = "<group>"; };
		CF6C430121AE43D7002287F9 /* LYMacro.h */ = {isa = PBXFileReference; lastKnownFileType = sourcecode.c.h; path = LYMacro.h; sourceTree = "<group>"; };
		CF6C430221AE4677002287F9 /* UIControl+LYUMTrack.h */ = {isa = PBXFileReference; lastKnownFileType = sourcecode.c.h; path = "UIControl+LYUMTrack.h"; sourceTree = "<group>"; };
		CF6C430321AE4677002287F9 /* UIControl+LYUMTrack.m */ = {isa = PBXFileReference; lastKnownFileType = sourcecode.c.objc; path = "UIControl+LYUMTrack.m"; sourceTree = "<group>"; };
		CF6C430521AE4731002287F9 /* LYWeChatMaker.entitlements */ = {isa = PBXFileReference; lastKnownFileType = text.plist.entitlements; path = LYWeChatMaker.entitlements; sourceTree = "<group>"; };
		CF6C430621AE4752002287F9 /* UserNotifications.framework */ = {isa = PBXFileReference; lastKnownFileType = wrapper.framework; name = UserNotifications.framework; path = System/Library/Frameworks/UserNotifications.framework; sourceTree = SDKROOT; };
		CF6C430821AE66C8002287F9 /* LYAdvertisementAlertView.h */ = {isa = PBXFileReference; lastKnownFileType = sourcecode.c.h; path = LYAdvertisementAlertView.h; sourceTree = "<group>"; };
		CF6C430921AE66C8002287F9 /* LYAdvertisementAlertView.m */ = {isa = PBXFileReference; lastKnownFileType = sourcecode.c.objc; path = LYAdvertisementAlertView.m; sourceTree = "<group>"; };
		CF6C430C21AE69D6002287F9 /* LYResources.bundle */ = {isa = PBXFileReference; lastKnownFileType = "wrapper.plug-in"; path = LYResources.bundle; sourceTree = "<group>"; };
		CF6C430F21AE6AD3002287F9 /* LYTabBarControllerConfig.m */ = {isa = PBXFileReference; fileEncoding = 4; lastKnownFileType = sourcecode.c.objc; path = LYTabBarControllerConfig.m; sourceTree = "<group>"; };
		CF6C431021AE6AD4002287F9 /* LYTabBarControllerConfig.h */ = {isa = PBXFileReference; fileEncoding = 4; lastKnownFileType = sourcecode.c.h; path = LYTabBarControllerConfig.h; sourceTree = "<group>"; };
		CF6C431221AE6C5A002287F9 /* LYBaseNavigationController.h */ = {isa = PBXFileReference; lastKnownFileType = sourcecode.c.h; path = LYBaseNavigationController.h; sourceTree = "<group>"; };
		CF6C431321AE6C5A002287F9 /* LYBaseNavigationController.m */ = {isa = PBXFileReference; lastKnownFileType = sourcecode.c.objc; path = LYBaseNavigationController.m; sourceTree = "<group>"; };
		CF6C431521AE73BF002287F9 /* UIImage+Extention.h */ = {isa = PBXFileReference; fileEncoding = 4; lastKnownFileType = sourcecode.c.h; path = "UIImage+Extention.h"; sourceTree = "<group>"; };
		CF6C431621AE73BF002287F9 /* UIImage+Extention.m */ = {isa = PBXFileReference; fileEncoding = 4; lastKnownFileType = sourcecode.c.objc; path = "UIImage+Extention.m"; sourceTree = "<group>"; };
		CF6C431821AE7703002287F9 /* LYWKWebViewController.h */ = {isa = PBXFileReference; lastKnownFileType = sourcecode.c.h; path = LYWKWebViewController.h; sourceTree = "<group>"; };
		CF6C431921AE7703002287F9 /* LYWKWebViewController.m */ = {isa = PBXFileReference; lastKnownFileType = sourcecode.c.objc; path = LYWKWebViewController.m; sourceTree = "<group>"; };
		CF6C431B21AE78B2002287F9 /* UIColor+MTColorTool.m */ = {isa = PBXFileReference; fileEncoding = 4; lastKnownFileType = sourcecode.c.objc; path = "UIColor+MTColorTool.m"; sourceTree = "<group>"; };
		CF6C431C21AE78B2002287F9 /* UIColor+MTColorTool.h */ = {isa = PBXFileReference; fileEncoding = 4; lastKnownFileType = sourcecode.c.h; path = "UIColor+MTColorTool.h"; sourceTree = "<group>"; };
		CF6C432121AE7B57002287F9 /* LYAppTool.h */ = {isa = PBXFileReference; lastKnownFileType = sourcecode.c.h; path = LYAppTool.h; sourceTree = "<group>"; };
		CF6C432221AE7B57002287F9 /* LYAppTool.m */ = {isa = PBXFileReference; lastKnownFileType = sourcecode.c.objc; path = LYAppTool.m; sourceTree = "<group>"; };
		CF6C432421AE80AB002287F9 /* LYTWatermarkImageView.h */ = {isa = PBXFileReference; lastKnownFileType = sourcecode.c.h; path = LYTWatermarkImageView.h; sourceTree = "<group>"; };
		CF6C432521AE80AB002287F9 /* LYTWatermarkImageView.m */ = {isa = PBXFileReference; lastKnownFileType = sourcecode.c.objc; path = LYTWatermarkImageView.m; sourceTree = "<group>"; };
		CF6C432B21AFC559002287F9 /* LYHomePageViewController.h */ = {isa = PBXFileReference; lastKnownFileType = sourcecode.c.h; path = LYHomePageViewController.h; sourceTree = "<group>"; };
		CF6C432C21AFC559002287F9 /* LYHomePageViewController.m */ = {isa = PBXFileReference; lastKnownFileType = sourcecode.c.objc; path = LYHomePageViewController.m; sourceTree = "<group>"; };
		CF6C432E21AFD0DB002287F9 /* LYTWatermarkBottomToolBar.h */ = {isa = PBXFileReference; lastKnownFileType = sourcecode.c.h; path = LYTWatermarkBottomToolBar.h; sourceTree = "<group>"; };
		CF6C432F21AFD0DB002287F9 /* LYTWatermarkBottomToolBar.m */ = {isa = PBXFileReference; lastKnownFileType = sourcecode.c.objc; path = LYTWatermarkBottomToolBar.m; sourceTree = "<group>"; };
		CF706EF821AFE2E400442D67 /* LYWatermarkColorsListView.h */ = {isa = PBXFileReference; lastKnownFileType = sourcecode.c.h; path = LYWatermarkColorsListView.h; sourceTree = "<group>"; };
		CF706EF921AFE2E400442D67 /* LYWatermarkColorsListView.m */ = {isa = PBXFileReference; lastKnownFileType = sourcecode.c.objc; path = LYWatermarkColorsListView.m; sourceTree = "<group>"; };
		CF706EFE21B1077B00442D67 /* LYWatermarkInputView.h */ = {isa = PBXFileReference; lastKnownFileType = sourcecode.c.h; path = LYWatermarkInputView.h; sourceTree = "<group>"; };
		CF706EFF21B1077B00442D67 /* LYWatermarkInputView.m */ = {isa = PBXFileReference; lastKnownFileType = sourcecode.c.objc; path = LYWatermarkInputView.m; sourceTree = "<group>"; };
		CF706F0121B26E2100442D67 /* LYWatermarkEditTextView.h */ = {isa = PBXFileReference; lastKnownFileType = sourcecode.c.h; path = LYWatermarkEditTextView.h; sourceTree = "<group>"; };
		CF706F0221B26E2100442D67 /* LYWatermarkEditTextView.m */ = {isa = PBXFileReference; lastKnownFileType = sourcecode.c.objc; path = LYWatermarkEditTextView.m; sourceTree = "<group>"; };
		CF706F0421B2B02B00442D67 /* LYDrawRectangleView.h */ = {isa = PBXFileReference; lastKnownFileType = sourcecode.c.h; path = LYDrawRectangleView.h; sourceTree = "<group>"; };
		CF706F0521B2B02B00442D67 /* LYDrawRectangleView.m */ = {isa = PBXFileReference; lastKnownFileType = sourcecode.c.objc; path = LYDrawRectangleView.m; sourceTree = "<group>"; };
		CF706F0721B382B900442D67 /* LYWatermarkBottomBtnsView.h */ = {isa = PBXFileReference; lastKnownFileType = sourcecode.c.h; path = LYWatermarkBottomBtnsView.h; sourceTree = "<group>"; };
		CF706F0821B382B900442D67 /* LYWatermarkBottomBtnsView.m */ = {isa = PBXFileReference; lastKnownFileType = sourcecode.c.objc; path = LYWatermarkBottomBtnsView.m; sourceTree = "<group>"; };
		CF706F0C21B52A2A00442D67 /* LYWatermarkStyleListView.h */ = {isa = PBXFileReference; lastKnownFileType = sourcecode.c.h; path = LYWatermarkStyleListView.h; sourceTree = "<group>"; };
		CF706F0D21B52A2A00442D67 /* LYWatermarkStyleListView.m */ = {isa = PBXFileReference; lastKnownFileType = sourcecode.c.objc; path = LYWatermarkStyleListView.m; sourceTree = "<group>"; };
		CF706F0F21B6169C00442D67 /* LYWatermarkInputConfig.h */ = {isa = PBXFileReference; lastKnownFileType = sourcecode.c.h; path = LYWatermarkInputConfig.h; sourceTree = "<group>"; };
		CF706F1021B6169C00442D67 /* LYWatermarkInputConfig.m */ = {isa = PBXFileReference; lastKnownFileType = sourcecode.c.objc; path = LYWatermarkInputConfig.m; sourceTree = "<group>"; };
		CF706F1221B6237B00442D67 /* LYWatermarkInputLabel.h */ = {isa = PBXFileReference; lastKnownFileType = sourcecode.c.h; path = LYWatermarkInputLabel.h; sourceTree = "<group>"; };
		CF706F1321B6237B00442D67 /* LYWatermarkInputLabel.m */ = {isa = PBXFileReference; lastKnownFileType = sourcecode.c.objc; path = LYWatermarkInputLabel.m; sourceTree = "<group>"; };
		CF706F1521B669D400442D67 /* MBProgressHUD+LYHUD.h */ = {isa = PBXFileReference; lastKnownFileType = sourcecode.c.h; path = "MBProgressHUD+LYHUD.h"; sourceTree = "<group>"; };
		CF706F1621B669D400442D67 /* MBProgressHUD+LYHUD.m */ = {isa = PBXFileReference; lastKnownFileType = sourcecode.c.objc; path = "MBProgressHUD+LYHUD.m"; sourceTree = "<group>"; };
		CFDB56572125172E00501905 /* LYWeChatMaker.app */ = {isa = PBXFileReference; explicitFileType = wrapper.application; includeInIndex = 0; path = LYWeChatMaker.app; sourceTree = BUILT_PRODUCTS_DIR; };
		CFDB56632125173200501905 /* Assets.xcassets */ = {isa = PBXFileReference; lastKnownFileType = folder.assetcatalog; path = Assets.xcassets; sourceTree = "<group>"; };
		CFDB56682125173200501905 /* Info.plist */ = {isa = PBXFileReference; lastKnownFileType = text.plist.xml; path = Info.plist; sourceTree = "<group>"; };
		CFDB56692125173200501905 /* main.m */ = {isa = PBXFileReference; lastKnownFileType = sourcecode.c.objc; path = main.m; sourceTree = "<group>"; };
		CFDB566F2125173200501905 /* LYWeChatMakerTests.xctest */ = {isa = PBXFileReference; explicitFileType = wrapper.cfbundle; includeInIndex = 0; path = LYWeChatMakerTests.xctest; sourceTree = BUILT_PRODUCTS_DIR; };
		CFDB56732125173200501905 /* LYWeChatMakerTests.m */ = {isa = PBXFileReference; lastKnownFileType = sourcecode.c.objc; path = LYWeChatMakerTests.m; sourceTree = "<group>"; };
		CFDB56752125173200501905 /* Info.plist */ = {isa = PBXFileReference; lastKnownFileType = text.plist.xml; path = Info.plist; sourceTree = "<group>"; };
		CFDB567A2125173200501905 /* LYWeChatMakerUITests.xctest */ = {isa = PBXFileReference; explicitFileType = wrapper.cfbundle; includeInIndex = 0; path = LYWeChatMakerUITests.xctest; sourceTree = BUILT_PRODUCTS_DIR; };
		CFDB567E2125173200501905 /* LYWeChatMakerUITests.m */ = {isa = PBXFileReference; lastKnownFileType = sourcecode.c.objc; path = LYWeChatMakerUITests.m; sourceTree = "<group>"; };
		CFDB56802125173200501905 /* Info.plist */ = {isa = PBXFileReference; lastKnownFileType = text.plist.xml; path = Info.plist; sourceTree = "<group>"; };
		CFDB56932125202600501905 /* LYWeChatMakerPrefixHeader.pch */ = {isa = PBXFileReference; lastKnownFileType = sourcecode.c.h; path = LYWeChatMakerPrefixHeader.pch; sourceTree = "<group>"; };
		CFDB56A82125212D00501905 /* LYBaseViewController.m */ = {isa = PBXFileReference; fileEncoding = 4; lastKnownFileType = sourcecode.c.objc; path = LYBaseViewController.m; sourceTree = "<group>"; };
		CFDB56A92125212D00501905 /* LYBaseViewController.h */ = {isa = PBXFileReference; fileEncoding = 4; lastKnownFileType = sourcecode.c.h; path = LYBaseViewController.h; sourceTree = "<group>"; };
		CFDB56AB212521A300501905 /* LYTabbarViewController.h */ = {isa = PBXFileReference; lastKnownFileType = sourcecode.c.h; path = LYTabbarViewController.h; sourceTree = "<group>"; };
		CFDB56AC212521A300501905 /* LYTabbarViewController.m */ = {isa = PBXFileReference; lastKnownFileType = sourcecode.c.objc; path = LYTabbarViewController.m; sourceTree = "<group>"; };
		CFDB56AE212521BA00501905 /* LYBaseModel.h */ = {isa = PBXFileReference; lastKnownFileType = sourcecode.c.h; path = LYBaseModel.h; sourceTree = "<group>"; };
		CFDB56AF212521BA00501905 /* LYBaseModel.m */ = {isa = PBXFileReference; lastKnownFileType = sourcecode.c.objc; path = LYBaseModel.m; sourceTree = "<group>"; };
		CFDB56B12125251700501905 /* LYTimeLineViewController.h */ = {isa = PBXFileReference; lastKnownFileType = sourcecode.c.h; path = LYTimeLineViewController.h; sourceTree = "<group>"; };
		CFDB56B22125251700501905 /* LYTimeLineViewController.m */ = {isa = PBXFileReference; lastKnownFileType = sourcecode.c.objc; path = LYTimeLineViewController.m; sourceTree = "<group>"; };
/* End PBXFileReference section */

/* Begin PBXFrameworksBuildPhase section */
		CFDB56542125172E00501905 /* Frameworks */ = {
			isa = PBXFrameworksBuildPhase;
			buildActionMask = 2147483647;
			files = (
				CF6C430721AE4752002287F9 /* UserNotifications.framework in Frameworks */,
				CF6C42F221AE354B002287F9 /* SystemConfiguration.framework in Frameworks */,
				CF6C42F021AE353F002287F9 /* libsqlite3.tbd in Frameworks */,
				CF6C42EE21AE3536002287F9 /* libz.tbd in Frameworks */,
				CF6C42EC21AE3522002287F9 /* CoreTelephony.framework in Frameworks */,
				9106B1F906CFCE73503ABAC9 /* libPods-LYWeChatMaker.a in Frameworks */,
			);
			runOnlyForDeploymentPostprocessing = 0;
		};
		CFDB566C2125173200501905 /* Frameworks */ = {
			isa = PBXFrameworksBuildPhase;
			buildActionMask = 2147483647;
			files = (
			);
			runOnlyForDeploymentPostprocessing = 0;
		};
		CFDB56772125173200501905 /* Frameworks */ = {
			isa = PBXFrameworksBuildPhase;
			buildActionMask = 2147483647;
			files = (
			);
			runOnlyForDeploymentPostprocessing = 0;
		};
/* End PBXFrameworksBuildPhase section */

/* Begin PBXGroup section */
		64D699DE14FA7ACFFEA3565A /* Pods */ = {
			isa = PBXGroup;
			children = (
				171A6CC3354DE77F478B5022 /* Pods-LYWeChatMaker.debug.xcconfig */,
				8899E431ED47C36AEE1729E3 /* Pods-LYWeChatMaker.release.xcconfig */,
			);
			name = Pods;
			sourceTree = "<group>";
		};
		8847CAF3C953983C83423804 /* Frameworks */ = {
			isa = PBXGroup;
			children = (
				CF6C430621AE4752002287F9 /* UserNotifications.framework */,
				CF6C42F121AE354B002287F9 /* SystemConfiguration.framework */,
				CF6C42EF21AE353F002287F9 /* libsqlite3.tbd */,
				CF6C42ED21AE3536002287F9 /* libz.tbd */,
				CF6C42EB21AE3522002287F9 /* CoreTelephony.framework */,
				795A8BB7EFDD857CB82F5581 /* libPods-LYWeChatMaker.a */,
			);
			name = Frameworks;
			sourceTree = "<group>";
		};
		CF5EE53621ABDABA00A5DF78 /* Watermark */ = {
			isa = PBXGroup;
			children = (
				CF5EE53721ABDABA00A5DF78 /* Controller */,
				CF5EE53821ABDABA00A5DF78 /* Model */,
				CF5EE53921ABDABA00A5DF78 /* View */,
			);
			path = Watermark;
			sourceTree = "<group>";
		};
		CF5EE53721ABDABA00A5DF78 /* Controller */ = {
			isa = PBXGroup;
			children = (
				CF5EE53A21ABDAE400A5DF78 /* LYTWatermarkViewController.h */,
				CF5EE53B21ABDAE400A5DF78 /* LYTWatermarkViewController.m */,
			);
			path = Controller;
			sourceTree = "<group>";
		};
		CF5EE53821ABDABA00A5DF78 /* Model */ = {
			isa = PBXGroup;
			children = (
				CF706F0F21B6169C00442D67 /* LYWatermarkInputConfig.h */,
				CF706F1021B6169C00442D67 /* LYWatermarkInputConfig.m */,
			);
			path = Model;
			sourceTree = "<group>";
		};
		CF5EE53921ABDABA00A5DF78 /* View */ = {
			isa = PBXGroup;
			children = (
				CF6C432421AE80AB002287F9 /* LYTWatermarkImageView.h */,
				CF6C432521AE80AB002287F9 /* LYTWatermarkImageView.m */,
				CF706EFE21B1077B00442D67 /* LYWatermarkInputView.h */,
				CF706EFF21B1077B00442D67 /* LYWatermarkInputView.m */,
				CF706F0121B26E2100442D67 /* LYWatermarkEditTextView.h */,
				CF706F0221B26E2100442D67 /* LYWatermarkEditTextView.m */,
				CF6C432E21AFD0DB002287F9 /* LYTWatermarkBottomToolBar.h */,
				CF6C432F21AFD0DB002287F9 /* LYTWatermarkBottomToolBar.m */,
				CF706EF821AFE2E400442D67 /* LYWatermarkColorsListView.h */,
				CF706EF921AFE2E400442D67 /* LYWatermarkColorsListView.m */,
				CF706F0C21B52A2A00442D67 /* LYWatermarkStyleListView.h */,
				CF706F0D21B52A2A00442D67 /* LYWatermarkStyleListView.m */,
				CF706F0721B382B900442D67 /* LYWatermarkBottomBtnsView.h */,
				CF706F0821B382B900442D67 /* LYWatermarkBottomBtnsView.m */,
				CF706F0421B2B02B00442D67 /* LYDrawRectangleView.h */,
				CF706F0521B2B02B00442D67 /* LYDrawRectangleView.m */,
				CF706F1221B6237B00442D67 /* LYWatermarkInputLabel.h */,
				CF706F1321B6237B00442D67 /* LYWatermarkInputLabel.m */,
			);
			path = View;
			sourceTree = "<group>";
		};
		CF6C42E321AE334B002287F9 /* Other */ = {
			isa = PBXGroup;
			children = (
				CF6C430B21AE69D6002287F9 /* Resource */,
				CF6C42E421AE334B002287F9 /* File */,
			);
			path = Other;
			sourceTree = "<group>";
		};
		CF6C42E421AE334B002287F9 /* File */ = {
			isa = PBXGroup;
			children = (
				CF6C42E621AE336B002287F9 /* AppDelegate.h */,
				CF6C42E521AE336B002287F9 /* AppDelegate.m */,
				CF6C42E821AE33BA002287F9 /* AppDelegate+UMSocial.h */,
				CF6C42E921AE33BA002287F9 /* AppDelegate+UMSocial.m */,
			);
			path = File;
			sourceTree = "<group>";
		};
		CF6C42F321AE369C002287F9 /* Configure */ = {
			isa = PBXGroup;
			children = (
				CF6C42F421AE36C8002287F9 /* LYConst.h */,
				CF6C42F521AE36C8002287F9 /* LYConst.m */,
				CF6C42F721AE36D9002287F9 /* LYURLConst.h */,
				CF6C42F821AE36D9002287F9 /* LYURLConst.m */,
				CF6C42FA21AE36EC002287F9 /* LYServerConfig.h */,
				CF6C42FB21AE36EC002287F9 /* LYServerConfig.m */,
				CF6C430121AE43D7002287F9 /* LYMacro.h */,
			);
			path = Configure;
			sourceTree = "<group>";
		};
		CF6C42FD21AE4314002287F9 /* Category */ = {
			isa = PBXGroup;
			children = (
				CF6C431C21AE78B2002287F9 /* UIColor+MTColorTool.h */,
				CF6C431B21AE78B2002287F9 /* UIColor+MTColorTool.m */,
				CF6C431521AE73BF002287F9 /* UIImage+Extention.h */,
				CF6C431621AE73BF002287F9 /* UIImage+Extention.m */,
				CF6C42FE21AE433F002287F9 /* UIViewController+LYUMTrack.h */,
				CF6C42FF21AE433F002287F9 /* UIViewController+LYUMTrack.m */,
				CF6C430221AE4677002287F9 /* UIControl+LYUMTrack.h */,
				CF6C430321AE4677002287F9 /* UIControl+LYUMTrack.m */,
				CF706F1521B669D400442D67 /* MBProgressHUD+LYHUD.h */,
				CF706F1621B669D400442D67 /* MBProgressHUD+LYHUD.m */,
			);
			path = Category;
			sourceTree = "<group>";
		};
		CF6C430B21AE69D6002287F9 /* Resource */ = {
			isa = PBXGroup;
			children = (
				CF6C430C21AE69D6002287F9 /* LYResources.bundle */,
			);
			path = Resource;
			sourceTree = "<group>";
		};
		CF6C430E21AE6AC0002287F9 /* LYTabbarControllerConfig */ = {
			isa = PBXGroup;
			children = (
				CF6C431021AE6AD4002287F9 /* LYTabBarControllerConfig.h */,
				CF6C430F21AE6AD3002287F9 /* LYTabBarControllerConfig.m */,
			);
			path = LYTabbarControllerConfig;
			sourceTree = "<group>";
		};
		CF6C432721AFC535002287F9 /* HomePage */ = {
			isa = PBXGroup;
			children = (
				CF6C432821AFC535002287F9 /* Controller */,
				CF6C432921AFC535002287F9 /* Model */,
				CF6C432A21AFC535002287F9 /* View */,
			);
			path = HomePage;
			sourceTree = "<group>";
		};
		CF6C432821AFC535002287F9 /* Controller */ = {
			isa = PBXGroup;
			children = (
				CF6C432B21AFC559002287F9 /* LYHomePageViewController.h */,
				CF6C432C21AFC559002287F9 /* LYHomePageViewController.m */,
			);
			path = Controller;
			sourceTree = "<group>";
		};
		CF6C432921AFC535002287F9 /* Model */ = {
			isa = PBXGroup;
			children = (
			);
			path = Model;
			sourceTree = "<group>";
		};
		CF6C432A21AFC535002287F9 /* View */ = {
			isa = PBXGroup;
			children = (
			);
			path = View;
			sourceTree = "<group>";
		};
		CFDB564E2125172E00501905 = {
			isa = PBXGroup;
			children = (
				CFDB56592125172E00501905 /* LYWeChatMaker */,
				CFDB56722125173200501905 /* LYWeChatMakerTests */,
				CFDB567D2125173200501905 /* LYWeChatMakerUITests */,
				CFDB56582125172E00501905 /* Products */,
				64D699DE14FA7ACFFEA3565A /* Pods */,
				8847CAF3C953983C83423804 /* Frameworks */,
			);
			sourceTree = "<group>";
		};
		CFDB56582125172E00501905 /* Products */ = {
			isa = PBXGroup;
			children = (
				CFDB56572125172E00501905 /* LYWeChatMaker.app */,
				CFDB566F2125173200501905 /* LYWeChatMakerTests.xctest */,
				CFDB567A2125173200501905 /* LYWeChatMakerUITests.xctest */,
			);
			name = Products;
			sourceTree = "<group>";
		};
		CFDB56592125172E00501905 /* LYWeChatMaker */ = {
			isa = PBXGroup;
			children = (
				CF6C430521AE4731002287F9 /* LYWeChatMaker.entitlements */,
				CFDB56972125210E00501905 /* Classes */,
				CFDB56932125202600501905 /* LYWeChatMakerPrefixHeader.pch */,
				CFDB56632125173200501905 /* Assets.xcassets */,
				CFDB56682125173200501905 /* Info.plist */,
				CFDB56692125173200501905 /* main.m */,
			);
			path = LYWeChatMaker;
			sourceTree = "<group>";
		};
		CFDB56722125173200501905 /* LYWeChatMakerTests */ = {
			isa = PBXGroup;
			children = (
				CFDB56732125173200501905 /* LYWeChatMakerTests.m */,
				CFDB56752125173200501905 /* Info.plist */,
			);
			path = LYWeChatMakerTests;
			sourceTree = "<group>";
		};
		CFDB567D2125173200501905 /* LYWeChatMakerUITests */ = {
			isa = PBXGroup;
			children = (
				CFDB567E2125173200501905 /* LYWeChatMakerUITests.m */,
				CFDB56802125173200501905 /* Info.plist */,
			);
			path = LYWeChatMakerUITests;
			sourceTree = "<group>";
		};
		CFDB56972125210E00501905 /* Classes */ = {
			isa = PBXGroup;
			children = (
				CF6C432721AFC535002287F9 /* HomePage */,
				CF6C42E321AE334B002287F9 /* Other */,
				CF5EE53621ABDABA00A5DF78 /* Watermark */,
				CFDB56982125210E00501905 /* ChatList */,
				CFDB569D2125210E00501905 /* Main */,
				CFDB56A32125210E00501905 /* TimeLine */,
			);
			path = Classes;
			sourceTree = "<group>";
		};
		CFDB56982125210E00501905 /* ChatList */ = {
			isa = PBXGroup;
			children = (
				CFDB56992125210E00501905 /* Controller */,
				CFDB569A2125210E00501905 /* Model */,
				CFDB569B2125210E00501905 /* View */,
				CFDB569C2125210E00501905 /* Service */,
			);
			path = ChatList;
			sourceTree = "<group>";
		};
		CFDB56992125210E00501905 /* Controller */ = {
			isa = PBXGroup;
			children = (
			);
			path = Controller;
			sourceTree = "<group>";
		};
		CFDB569A2125210E00501905 /* Model */ = {
			isa = PBXGroup;
			children = (
			);
			path = Model;
			sourceTree = "<group>";
		};
		CFDB569B2125210E00501905 /* View */ = {
			isa = PBXGroup;
			children = (
			);
			path = View;
			sourceTree = "<group>";
		};
		CFDB569C2125210E00501905 /* Service */ = {
			isa = PBXGroup;
			children = (
			);
			path = Service;
			sourceTree = "<group>";
		};
		CFDB569D2125210E00501905 /* Main */ = {
			isa = PBXGroup;
			children = (
				CF6C430E21AE6AC0002287F9 /* LYTabbarControllerConfig */,
				CF6C42FD21AE4314002287F9 /* Category */,
				CF6C42F321AE369C002287F9 /* Configure */,
				CFDB569E2125210E00501905 /* Controller */,
				CFDB569F2125210E00501905 /* Model */,
				CFDB56A02125210E00501905 /* View */,
				CFDB56A12125210E00501905 /* Service */,
				CFDB56A22125210E00501905 /* Tool */,
			);
			path = Main;
			sourceTree = "<group>";
		};
		CFDB569E2125210E00501905 /* Controller */ = {
			isa = PBXGroup;
			children = (
				CFDB56A92125212D00501905 /* LYBaseViewController.h */,
				CFDB56A82125212D00501905 /* LYBaseViewController.m */,
				CFDB56AB212521A300501905 /* LYTabbarViewController.h */,
				CFDB56AC212521A300501905 /* LYTabbarViewController.m */,
				CF6C431221AE6C5A002287F9 /* LYBaseNavigationController.h */,
				CF6C431321AE6C5A002287F9 /* LYBaseNavigationController.m */,
				CF6C431821AE7703002287F9 /* LYWKWebViewController.h */,
				CF6C431921AE7703002287F9 /* LYWKWebViewController.m */,
			);
			path = Controller;
			sourceTree = "<group>";
		};
		CFDB569F2125210E00501905 /* Model */ = {
			isa = PBXGroup;
			children = (
				CFDB56AE212521BA00501905 /* LYBaseModel.h */,
				CFDB56AF212521BA00501905 /* LYBaseModel.m */,
			);
			path = Model;
			sourceTree = "<group>";
		};
		CFDB56A02125210E00501905 /* View */ = {
			isa = PBXGroup;
			children = (
				CF6C430821AE66C8002287F9 /* LYAdvertisementAlertView.h */,
				CF6C430921AE66C8002287F9 /* LYAdvertisementAlertView.m */,
			);
			path = View;
			sourceTree = "<group>";
		};
		CFDB56A12125210E00501905 /* Service */ = {
			isa = PBXGroup;
			children = (
			);
			path = Service;
			sourceTree = "<group>";
		};
		CFDB56A22125210E00501905 /* Tool */ = {
			isa = PBXGroup;
			children = (
				CF6C432121AE7B57002287F9 /* LYAppTool.h */,
				CF6C432221AE7B57002287F9 /* LYAppTool.m */,
			);
			path = Tool;
			sourceTree = "<group>";
		};
		CFDB56A32125210E00501905 /* TimeLine */ = {
			isa = PBXGroup;
			children = (
				CFDB56A42125210E00501905 /* Controller */,
				CFDB56A52125210E00501905 /* Model */,
				CFDB56A62125210E00501905 /* View */,
				CFDB56A72125210E00501905 /* Service */,
			);
			path = TimeLine;
			sourceTree = "<group>";
		};
		CFDB56A42125210E00501905 /* Controller */ = {
			isa = PBXGroup;
			children = (
				CFDB56B12125251700501905 /* LYTimeLineViewController.h */,
				CFDB56B22125251700501905 /* LYTimeLineViewController.m */,
			);
			path = Controller;
			sourceTree = "<group>";
		};
		CFDB56A52125210E00501905 /* Model */ = {
			isa = PBXGroup;
			children = (
			);
			path = Model;
			sourceTree = "<group>";
		};
		CFDB56A62125210E00501905 /* View */ = {
			isa = PBXGroup;
			children = (
			);
			path = View;
			sourceTree = "<group>";
		};
		CFDB56A72125210E00501905 /* Service */ = {
			isa = PBXGroup;
			children = (
			);
			path = Service;
			sourceTree = "<group>";
		};
/* End PBXGroup section */

/* Begin PBXNativeTarget section */
		CFDB56562125172E00501905 /* LYWeChatMaker */ = {
			isa = PBXNativeTarget;
			buildConfigurationList = CFDB56832125173200501905 /* Build configuration list for PBXNativeTarget "LYWeChatMaker" */;
			buildPhases = (
				3B2B6A1487D0437081372A7A /* [CP] Check Pods Manifest.lock */,
				CFDB56532125172E00501905 /* Sources */,
				CFDB56542125172E00501905 /* Frameworks */,
				CFDB56552125172E00501905 /* Resources */,
				C1A41B56622DEB665C138196 /* [CP] Copy Pods Resources */,
			);
			buildRules = (
			);
			dependencies = (
			);
			name = LYWeChatMaker;
			productName = LYWeChatMaker;
			productReference = CFDB56572125172E00501905 /* LYWeChatMaker.app */;
			productType = "com.apple.product-type.application";
		};
		CFDB566E2125173200501905 /* LYWeChatMakerTests */ = {
			isa = PBXNativeTarget;
			buildConfigurationList = CFDB56862125173200501905 /* Build configuration list for PBXNativeTarget "LYWeChatMakerTests" */;
			buildPhases = (
				CFDB566B2125173200501905 /* Sources */,
				CFDB566C2125173200501905 /* Frameworks */,
				CFDB566D2125173200501905 /* Resources */,
			);
			buildRules = (
			);
			dependencies = (
				CFDB56712125173200501905 /* PBXTargetDependency */,
			);
			name = LYWeChatMakerTests;
			productName = LYWeChatMakerTests;
			productReference = CFDB566F2125173200501905 /* LYWeChatMakerTests.xctest */;
			productType = "com.apple.product-type.bundle.unit-test";
		};
		CFDB56792125173200501905 /* LYWeChatMakerUITests */ = {
			isa = PBXNativeTarget;
			buildConfigurationList = CFDB56892125173200501905 /* Build configuration list for PBXNativeTarget "LYWeChatMakerUITests" */;
			buildPhases = (
				CFDB56762125173200501905 /* Sources */,
				CFDB56772125173200501905 /* Frameworks */,
				CFDB56782125173200501905 /* Resources */,
			);
			buildRules = (
			);
			dependencies = (
				CFDB567C2125173200501905 /* PBXTargetDependency */,
			);
			name = LYWeChatMakerUITests;
			productName = LYWeChatMakerUITests;
			productReference = CFDB567A2125173200501905 /* LYWeChatMakerUITests.xctest */;
			productType = "com.apple.product-type.bundle.ui-testing";
		};
/* End PBXNativeTarget section */

/* Begin PBXProject section */
		CFDB564F2125172E00501905 /* Project object */ = {
			isa = PBXProject;
			attributes = {
				LastUpgradeCheck = 0940;
				ORGANIZATIONNAME = LYoung_iOS;
				TargetAttributes = {
					CFDB56562125172E00501905 = {
						CreatedOnToolsVersion = 9.4;
						SystemCapabilities = {
							com.apple.BackgroundModes = {
								enabled = 1;
							};
							com.apple.Push = {
								enabled = 1;
							};
						};
					};
					CFDB566E2125173200501905 = {
						CreatedOnToolsVersion = 9.4;
						TestTargetID = CFDB56562125172E00501905;
					};
					CFDB56792125173200501905 = {
						CreatedOnToolsVersion = 9.4;
						TestTargetID = CFDB56562125172E00501905;
					};
				};
			};
			buildConfigurationList = CFDB56522125172E00501905 /* Build configuration list for PBXProject "LYWeChatMaker" */;
			compatibilityVersion = "Xcode 9.3";
			developmentRegion = en;
			hasScannedForEncodings = 0;
			knownRegions = (
				en,
				Base,
			);
			mainGroup = CFDB564E2125172E00501905;
			productRefGroup = CFDB56582125172E00501905 /* Products */;
			projectDirPath = "";
			projectRoot = "";
			targets = (
				CFDB56562125172E00501905 /* LYWeChatMaker */,
				CFDB566E2125173200501905 /* LYWeChatMakerTests */,
				CFDB56792125173200501905 /* LYWeChatMakerUITests */,
			);
		};
/* End PBXProject section */

/* Begin PBXResourcesBuildPhase section */
		CFDB56552125172E00501905 /* Resources */ = {
			isa = PBXResourcesBuildPhase;
			buildActionMask = 2147483647;
			files = (
				CF6C430D21AE69D6002287F9 /* LYResources.bundle in Resources */,
				CFDB56642125173200501905 /* Assets.xcassets in Resources */,
			);
			runOnlyForDeploymentPostprocessing = 0;
		};
		CFDB566D2125173200501905 /* Resources */ = {
			isa = PBXResourcesBuildPhase;
			buildActionMask = 2147483647;
			files = (
			);
			runOnlyForDeploymentPostprocessing = 0;
		};
		CFDB56782125173200501905 /* Resources */ = {
			isa = PBXResourcesBuildPhase;
			buildActionMask = 2147483647;
			files = (
			);
			runOnlyForDeploymentPostprocessing = 0;
		};
/* End PBXResourcesBuildPhase section */

/* Begin PBXShellScriptBuildPhase section */
		3B2B6A1487D0437081372A7A /* [CP] Check Pods Manifest.lock */ = {
			isa = PBXShellScriptBuildPhase;
			buildActionMask = 2147483647;
			files = (
			);
			inputPaths = (
				"${PODS_PODFILE_DIR_PATH}/Podfile.lock",
				"${PODS_ROOT}/Manifest.lock",
			);
			name = "[CP] Check Pods Manifest.lock";
			outputPaths = (
				"$(DERIVED_FILE_DIR)/Pods-LYWeChatMaker-checkManifestLockResult.txt",
			);
			runOnlyForDeploymentPostprocessing = 0;
			shellPath = /bin/sh;
			shellScript = "diff \"${PODS_PODFILE_DIR_PATH}/Podfile.lock\" \"${PODS_ROOT}/Manifest.lock\" > /dev/null\nif [ $? != 0 ] ; then\n    # print error to STDERR\n    echo \"error: The sandbox is not in sync with the Podfile.lock. Run 'pod install' or update your CocoaPods installation.\" >&2\n    exit 1\nfi\n# This output is used by Xcode 'outputs' to avoid re-running this script phase.\necho \"SUCCESS\" > \"${SCRIPT_OUTPUT_FILE_0}\"\n";
			showEnvVarsInLog = 0;
		};
		C1A41B56622DEB665C138196 /* [CP] Copy Pods Resources */ = {
			isa = PBXShellScriptBuildPhase;
			buildActionMask = 2147483647;
			files = (
			);
			inputPaths = (
				"${SRCROOT}/Pods/Target Support Files/Pods-LYWeChatMaker/Pods-LYWeChatMaker-resources.sh",
				"${PODS_ROOT}/IQKeyboardManager/IQKeyboardManager/Resources/IQKeyboardManager.bundle",
				"${PODS_ROOT}/TZImagePickerController/TZImagePickerController/TZImagePickerController/TZImagePickerController.bundle",
			);
			name = "[CP] Copy Pods Resources";
			outputPaths = (
				"${TARGET_BUILD_DIR}/${UNLOCALIZED_RESOURCES_FOLDER_PATH}/IQKeyboardManager.bundle",
				"${TARGET_BUILD_DIR}/${UNLOCALIZED_RESOURCES_FOLDER_PATH}/TZImagePickerController.bundle",
			);
			runOnlyForDeploymentPostprocessing = 0;
			shellPath = /bin/sh;
			shellScript = "\"${SRCROOT}/Pods/Target Support Files/Pods-LYWeChatMaker/Pods-LYWeChatMaker-resources.sh\"\n";
			showEnvVarsInLog = 0;
		};
/* End PBXShellScriptBuildPhase section */

/* Begin PBXSourcesBuildPhase section */
		CFDB56532125172E00501905 /* Sources */ = {
			isa = PBXSourcesBuildPhase;
			buildActionMask = 2147483647;
			files = (
				CF6C431121AE6AD4002287F9 /* LYTabBarControllerConfig.m in Sources */,
				CF6C431721AE73BF002287F9 /* UIImage+Extention.m in Sources */,
				CF706EFA21AFE2E400442D67 /* LYWatermarkColorsListView.m in Sources */,
				CF6C432621AE80AB002287F9 /* LYTWatermarkImageView.m in Sources */,
				CF6C431D21AE78B2002287F9 /* UIColor+MTColorTool.m in Sources */,
				CF706F0E21B52A2A00442D67 /* LYWatermarkStyleListView.m in Sources */,
				CF706F1721B669D400442D67 /* MBProgressHUD+LYHUD.m in Sources */,
				CFDB56AA2125212D00501905 /* LYBaseViewController.m in Sources */,
				CF706F0621B2B02B00442D67 /* LYDrawRectangleView.m in Sources */,
				CF6C430021AE433F002287F9 /* UIViewController+LYUMTrack.m in Sources */,
				CF706F0321B26E2100442D67 /* LYWatermarkEditTextView.m in Sources */,
				CF6C431A21AE7703002287F9 /* LYWKWebViewController.m in Sources */,
				CF6C431421AE6C5A002287F9 /* LYBaseNavigationController.m in Sources */,
				CF6C42FC21AE36EC002287F9 /* LYServerConfig.m in Sources */,
				CF706F0921B382B900442D67 /* LYWatermarkBottomBtnsView.m in Sources */,
				CF6C42F621AE36C8002287F9 /* LYConst.m in Sources */,
				CFDB566A2125173200501905 /* main.m in Sources */,
				CF706F1121B6169C00442D67 /* LYWatermarkInputConfig.m in Sources */,
				CFDB56B32125251700501905 /* LYTimeLineViewController.m in Sources */,
				CF6C42F921AE36D9002287F9 /* LYURLConst.m in Sources */,
				CF706F1421B6237B00442D67 /* LYWatermarkInputLabel.m in Sources */,
				CF6C42E721AE336B002287F9 /* AppDelegate.m in Sources */,
				CF6C430A21AE66C8002287F9 /* LYAdvertisementAlertView.m in Sources */,
				CF5EE53C21ABDAE400A5DF78 /* LYTWatermarkViewController.m in Sources */,
				CF6C42EA21AE33BA002287F9 /* AppDelegate+UMSocial.m in Sources */,
				CF706F0021B1077B00442D67 /* LYWatermarkInputView.m in Sources */,
				CF6C432D21AFC559002287F9 /* LYHomePageViewController.m in Sources */,
				CF6C433021AFD0DC002287F9 /* LYTWatermarkBottomToolBar.m in Sources */,
				CFDB56AD212521A300501905 /* LYTabbarViewController.m in Sources */,
				CF6C430421AE4677002287F9 /* UIControl+LYUMTrack.m in Sources */,
				CF6C432321AE7B57002287F9 /* LYAppTool.m in Sources */,
				CFDB56B0212521BA00501905 /* LYBaseModel.m in Sources */,
			);
			runOnlyForDeploymentPostprocessing = 0;
		};
		CFDB566B2125173200501905 /* Sources */ = {
			isa = PBXSourcesBuildPhase;
			buildActionMask = 2147483647;
			files = (
				CFDB56742125173200501905 /* LYWeChatMakerTests.m in Sources */,
			);
			runOnlyForDeploymentPostprocessing = 0;
		};
		CFDB56762125173200501905 /* Sources */ = {
			isa = PBXSourcesBuildPhase;
			buildActionMask = 2147483647;
			files = (
				CFDB567F2125173200501905 /* LYWeChatMakerUITests.m in Sources */,
			);
			runOnlyForDeploymentPostprocessing = 0;
		};
/* End PBXSourcesBuildPhase section */

/* Begin PBXTargetDependency section */
		CFDB56712125173200501905 /* PBXTargetDependency */ = {
			isa = PBXTargetDependency;
			target = CFDB56562125172E00501905 /* LYWeChatMaker */;
			targetProxy = CFDB56702125173200501905 /* PBXContainerItemProxy */;
		};
		CFDB567C2125173200501905 /* PBXTargetDependency */ = {
			isa = PBXTargetDependency;
			target = CFDB56562125172E00501905 /* LYWeChatMaker */;
			targetProxy = CFDB567B2125173200501905 /* PBXContainerItemProxy */;
		};
/* End PBXTargetDependency section */

/* Begin XCBuildConfiguration section */
		CFDB56812125173200501905 /* Debug */ = {
			isa = XCBuildConfiguration;
			buildSettings = {
				ALWAYS_SEARCH_USER_PATHS = NO;
				CLANG_ANALYZER_NONNULL = YES;
				CLANG_ANALYZER_NUMBER_OBJECT_CONVERSION = YES_AGGRESSIVE;
				CLANG_CXX_LANGUAGE_STANDARD = "gnu++14";
				CLANG_CXX_LIBRARY = "libc++";
				CLANG_ENABLE_MODULES = YES;
				CLANG_ENABLE_OBJC_ARC = YES;
				CLANG_ENABLE_OBJC_WEAK = YES;
				CLANG_WARN_BLOCK_CAPTURE_AUTORELEASING = YES;
				CLANG_WARN_BOOL_CONVERSION = YES;
				CLANG_WARN_COMMA = YES;
				CLANG_WARN_CONSTANT_CONVERSION = YES;
				CLANG_WARN_DEPRECATED_OBJC_IMPLEMENTATIONS = YES;
				CLANG_WARN_DIRECT_OBJC_ISA_USAGE = YES_ERROR;
				CLANG_WARN_DOCUMENTATION_COMMENTS = YES;
				CLANG_WARN_EMPTY_BODY = YES;
				CLANG_WARN_ENUM_CONVERSION = YES;
				CLANG_WARN_INFINITE_RECURSION = YES;
				CLANG_WARN_INT_CONVERSION = YES;
				CLANG_WARN_NON_LITERAL_NULL_CONVERSION = YES;
				CLANG_WARN_OBJC_IMPLICIT_RETAIN_SELF = YES;
				CLANG_WARN_OBJC_LITERAL_CONVERSION = YES;
				CLANG_WARN_OBJC_ROOT_CLASS = YES_ERROR;
				CLANG_WARN_RANGE_LOOP_ANALYSIS = YES;
				CLANG_WARN_STRICT_PROTOTYPES = YES;
				CLANG_WARN_SUSPICIOUS_MOVE = YES;
				CLANG_WARN_UNGUARDED_AVAILABILITY = YES_AGGRESSIVE;
				CLANG_WARN_UNREACHABLE_CODE = YES;
				CLANG_WARN__DUPLICATE_METHOD_MATCH = YES;
				CODE_SIGN_IDENTITY = "iPhone Developer";
				COPY_PHASE_STRIP = NO;
				DEBUG_INFORMATION_FORMAT = dwarf;
				ENABLE_STRICT_OBJC_MSGSEND = YES;
				ENABLE_TESTABILITY = YES;
				GCC_C_LANGUAGE_STANDARD = gnu11;
				GCC_DYNAMIC_NO_PIC = NO;
				GCC_NO_COMMON_BLOCKS = YES;
				GCC_OPTIMIZATION_LEVEL = 0;
				GCC_PREPROCESSOR_DEFINITIONS = (
					"DEBUG=1",
					"$(inherited)",
				);
				GCC_WARN_64_TO_32_BIT_CONVERSION = YES;
				GCC_WARN_ABOUT_RETURN_TYPE = YES_ERROR;
				GCC_WARN_UNDECLARED_SELECTOR = YES;
				GCC_WARN_UNINITIALIZED_AUTOS = YES_AGGRESSIVE;
				GCC_WARN_UNUSED_FUNCTION = YES;
				GCC_WARN_UNUSED_VARIABLE = YES;
				IPHONEOS_DEPLOYMENT_TARGET = 11.4;
				MTL_ENABLE_DEBUG_INFO = YES;
				ONLY_ACTIVE_ARCH = YES;
				SDKROOT = iphoneos;
			};
			name = Debug;
		};
		CFDB56822125173200501905 /* Release */ = {
			isa = XCBuildConfiguration;
			buildSettings = {
				ALWAYS_SEARCH_USER_PATHS = NO;
				CLANG_ANALYZER_NONNULL = YES;
				CLANG_ANALYZER_NUMBER_OBJECT_CONVERSION = YES_AGGRESSIVE;
				CLANG_CXX_LANGUAGE_STANDARD = "gnu++14";
				CLANG_CXX_LIBRARY = "libc++";
				CLANG_ENABLE_MODULES = YES;
				CLANG_ENABLE_OBJC_ARC = YES;
				CLANG_ENABLE_OBJC_WEAK = YES;
				CLANG_WARN_BLOCK_CAPTURE_AUTORELEASING = YES;
				CLANG_WARN_BOOL_CONVERSION = YES;
				CLANG_WARN_COMMA = YES;
				CLANG_WARN_CONSTANT_CONVERSION = YES;
				CLANG_WARN_DEPRECATED_OBJC_IMPLEMENTATIONS = YES;
				CLANG_WARN_DIRECT_OBJC_ISA_USAGE = YES_ERROR;
				CLANG_WARN_DOCUMENTATION_COMMENTS = YES;
				CLANG_WARN_EMPTY_BODY = YES;
				CLANG_WARN_ENUM_CONVERSION = YES;
				CLANG_WARN_INFINITE_RECURSION = YES;
				CLANG_WARN_INT_CONVERSION = YES;
				CLANG_WARN_NON_LITERAL_NULL_CONVERSION = YES;
				CLANG_WARN_OBJC_IMPLICIT_RETAIN_SELF = YES;
				CLANG_WARN_OBJC_LITERAL_CONVERSION = YES;
				CLANG_WARN_OBJC_ROOT_CLASS = YES_ERROR;
				CLANG_WARN_RANGE_LOOP_ANALYSIS = YES;
				CLANG_WARN_STRICT_PROTOTYPES = YES;
				CLANG_WARN_SUSPICIOUS_MOVE = YES;
				CLANG_WARN_UNGUARDED_AVAILABILITY = YES_AGGRESSIVE;
				CLANG_WARN_UNREACHABLE_CODE = YES;
				CLANG_WARN__DUPLICATE_METHOD_MATCH = YES;
				CODE_SIGN_IDENTITY = "iPhone Developer";
				COPY_PHASE_STRIP = NO;
				DEBUG_INFORMATION_FORMAT = "dwarf-with-dsym";
				ENABLE_NS_ASSERTIONS = NO;
				ENABLE_STRICT_OBJC_MSGSEND = YES;
				GCC_C_LANGUAGE_STANDARD = gnu11;
				GCC_NO_COMMON_BLOCKS = YES;
				GCC_WARN_64_TO_32_BIT_CONVERSION = YES;
				GCC_WARN_ABOUT_RETURN_TYPE = YES_ERROR;
				GCC_WARN_UNDECLARED_SELECTOR = YES;
				GCC_WARN_UNINITIALIZED_AUTOS = YES_AGGRESSIVE;
				GCC_WARN_UNUSED_FUNCTION = YES;
				GCC_WARN_UNUSED_VARIABLE = YES;
				IPHONEOS_DEPLOYMENT_TARGET = 11.4;
				MTL_ENABLE_DEBUG_INFO = NO;
				SDKROOT = iphoneos;
				VALIDATE_PRODUCT = YES;
			};
			name = Release;
		};
		CFDB56842125173200501905 /* Debug */ = {
			isa = XCBuildConfiguration;
			baseConfigurationReference = 171A6CC3354DE77F478B5022 /* Pods-LYWeChatMaker.debug.xcconfig */;
			buildSettings = {
				ASSETCATALOG_COMPILER_APPICON_NAME = AppIcon;
				ASSETCATALOG_COMPILER_LAUNCHIMAGE_NAME = LaunchImage;
				CODE_SIGN_ENTITLEMENTS = LYWeChatMaker/LYWeChatMaker.entitlements;
				CODE_SIGN_STYLE = Automatic;
				DEVELOPMENT_TEAM = 7KFUMX8335;
				GCC_PREFIX_HEADER = "$(SRCROOT)/LYWeChatMaker/LYWeChatMakerPrefixHeader.pch";
				INFOPLIST_FILE = LYWeChatMaker/Info.plist;
				IPHONEOS_DEPLOYMENT_TARGET = 8.1;
				LD_RUNPATH_SEARCH_PATHS = (
					"$(inherited)",
					"@executable_path/Frameworks",
				);
				PRODUCT_BUNDLE_IDENTIFIER = com.LYoung.LYWeChatMaker;
				PRODUCT_NAME = "$(TARGET_NAME)";
				TARGETED_DEVICE_FAMILY = 1;
			};
			name = Debug;
		};
		CFDB56852125173200501905 /* Release */ = {
			isa = XCBuildConfiguration;
			baseConfigurationReference = 8899E431ED47C36AEE1729E3 /* Pods-LYWeChatMaker.release.xcconfig */;
			buildSettings = {
				ASSETCATALOG_COMPILER_APPICON_NAME = AppIcon;
				ASSETCATALOG_COMPILER_LAUNCHIMAGE_NAME = LaunchImage;
				CODE_SIGN_ENTITLEMENTS = LYWeChatMaker/LYWeChatMaker.entitlements;
				CODE_SIGN_STYLE = Automatic;
				DEVELOPMENT_TEAM = 7KFUMX8335;
				GCC_PREFIX_HEADER = "$(SRCROOT)/LYWeChatMaker/LYWeChatMakerPrefixHeader.pch";
				INFOPLIST_FILE = LYWeChatMaker/Info.plist;
				IPHONEOS_DEPLOYMENT_TARGET = 8.1;
				LD_RUNPATH_SEARCH_PATHS = (
					"$(inherited)",
					"@executable_path/Frameworks",
				);
				PRODUCT_BUNDLE_IDENTIFIER = com.LYoung.LYWeChatMaker;
				PRODUCT_NAME = "$(TARGET_NAME)";
				TARGETED_DEVICE_FAMILY = 1;
			};
			name = Release;
		};
		CFDB56872125173200501905 /* Debug */ = {
			isa = XCBuildConfiguration;
			buildSettings = {
				BUNDLE_LOADER = "$(TEST_HOST)";
				CODE_SIGN_STYLE = Automatic;
				DEVELOPMENT_TEAM = 385BQG9LRC;
				INFOPLIST_FILE = LYWeChatMakerTests/Info.plist;
				LD_RUNPATH_SEARCH_PATHS = (
					"$(inherited)",
					"@executable_path/Frameworks",
					"@loader_path/Frameworks",
				);
				PRODUCT_BUNDLE_IDENTIFIER = LY.LYWeChatMakerTests;
				PRODUCT_NAME = "$(TARGET_NAME)";
				TARGETED_DEVICE_FAMILY = "1,2";
				TEST_HOST = "$(BUILT_PRODUCTS_DIR)/LYWeChatMaker.app/LYWeChatMaker";
			};
			name = Debug;
		};
		CFDB56882125173200501905 /* Release */ = {
			isa = XCBuildConfiguration;
			buildSettings = {
				BUNDLE_LOADER = "$(TEST_HOST)";
				CODE_SIGN_STYLE = Automatic;
				DEVELOPMENT_TEAM = 385BQG9LRC;
				INFOPLIST_FILE = LYWeChatMakerTests/Info.plist;
				LD_RUNPATH_SEARCH_PATHS = (
					"$(inherited)",
					"@executable_path/Frameworks",
					"@loader_path/Frameworks",
				);
				PRODUCT_BUNDLE_IDENTIFIER = LY.LYWeChatMakerTests;
				PRODUCT_NAME = "$(TARGET_NAME)";
				TARGETED_DEVICE_FAMILY = "1,2";
				TEST_HOST = "$(BUILT_PRODUCTS_DIR)/LYWeChatMaker.app/LYWeChatMaker";
			};
			name = Release;
		};
		CFDB568A2125173200501905 /* Debug */ = {
			isa = XCBuildConfiguration;
			buildSettings = {
				CODE_SIGN_STYLE = Automatic;
				DEVELOPMENT_TEAM = 385BQG9LRC;
				INFOPLIST_FILE = LYWeChatMakerUITests/Info.plist;
				LD_RUNPATH_SEARCH_PATHS = (
					"$(inherited)",
					"@executable_path/Frameworks",
					"@loader_path/Frameworks",
				);
				PRODUCT_BUNDLE_IDENTIFIER = LY.LYWeChatMakerUITests;
				PRODUCT_NAME = "$(TARGET_NAME)";
				TARGETED_DEVICE_FAMILY = "1,2";
				TEST_TARGET_NAME = LYWeChatMaker;
			};
			name = Debug;
		};
		CFDB568B2125173200501905 /* Release */ = {
			isa = XCBuildConfiguration;
			buildSettings = {
				CODE_SIGN_STYLE = Automatic;
				DEVELOPMENT_TEAM = 385BQG9LRC;
				INFOPLIST_FILE = LYWeChatMakerUITests/Info.plist;
				LD_RUNPATH_SEARCH_PATHS = (
					"$(inherited)",
					"@executable_path/Frameworks",
					"@loader_path/Frameworks",
				);
				PRODUCT_BUNDLE_IDENTIFIER = LY.LYWeChatMakerUITests;
				PRODUCT_NAME = "$(TARGET_NAME)";
				TARGETED_DEVICE_FAMILY = "1,2";
				TEST_TARGET_NAME = LYWeChatMaker;
			};
			name = Release;
		};
/* End XCBuildConfiguration section */

/* Begin XCConfigurationList section */
		CFDB56522125172E00501905 /* Build configuration list for PBXProject "LYWeChatMaker" */ = {
			isa = XCConfigurationList;
			buildConfigurations = (
				CFDB56812125173200501905 /* Debug */,
				CFDB56822125173200501905 /* Release */,
			);
			defaultConfigurationIsVisible = 0;
			defaultConfigurationName = Release;
		};
		CFDB56832125173200501905 /* Build configuration list for PBXNativeTarget "LYWeChatMaker" */ = {
			isa = XCConfigurationList;
			buildConfigurations = (
				CFDB56842125173200501905 /* Debug */,
				CFDB56852125173200501905 /* Release */,
			);
			defaultConfigurationIsVisible = 0;
			defaultConfigurationName = Release;
		};
		CFDB56862125173200501905 /* Build configuration list for PBXNativeTarget "LYWeChatMakerTests" */ = {
			isa = XCConfigurationList;
			buildConfigurations = (
				CFDB56872125173200501905 /* Debug */,
				CFDB56882125173200501905 /* Release */,
			);
			defaultConfigurationIsVisible = 0;
			defaultConfigurationName = Release;
		};
		CFDB56892125173200501905 /* Build configuration list for PBXNativeTarget "LYWeChatMakerUITests" */ = {
			isa = XCConfigurationList;
			buildConfigurations = (
				CFDB568A2125173200501905 /* Debug */,
				CFDB568B2125173200501905 /* Release */,
			);
			defaultConfigurationIsVisible = 0;
			defaultConfigurationName = Release;
		};
/* End XCConfigurationList section */
	};
	rootObject = CFDB564F2125172E00501905 /* Project object */;
}
